
Microsoft Visual Studio Solution File, Format Version 12.00
Project("{2150E333-8FDC-42A3-9474-1A3956D46DE8}") = "BuildingBlocks", "BuildingBlocks", "{D9496F81-59CE-4741-A61E-C5247F2B585B}"
EndProject
Project("{FAE04EC0-301F-11D3-BF4B-00C04F79EFBC}") = "BuildingBlocks.EventBus", "BuildingBlocks\EventBus\BuildingBlocks.EventBus\BuildingBlocks.EventBus.csproj", "{5E8BE74B-FA7B-4201-8BC5-A260B72E2765}"
EndProject
Project("{FAE04EC0-301F-11D3-BF4B-00C04F79EFBC}") = "BuildingBlocks.EventBus.RabbitMQ", "BuildingBlocks\EventBus\BuildingBlocks.EventBus.RabbitMQ\BuildingBlocks.EventBus.RabbitMQ.csproj", "{7D563986-2540-474D-B247-70F6A27F4C92}"
EndProject
Project("{2150E333-8FDC-42A3-9474-1A3956D46DE8}") = "Services", "Services", "{9907B429-BD3A-47B5-A52A-F92FBB592721}"
EndProject
Project("{2150E333-8FDC-42A3-9474-1A3956D46DE8}") = "Identity", "Identity", "{7A0F7AE4-C80B-4692-82A8-492E0A605E27}"
EndProject
Project("{2150E333-8FDC-42A3-9474-1A3956D46DE8}") = "Presentation", "Presentation", "{5E2BB164-3227-4ADA-BE9B-5142DEB2AC96}"
EndProject
Project("{FAE04EC0-301F-11D3-BF4B-00C04F79EFBC}") = "Identity.Api", "Services\Identity\Presentation\Identity.Api\Identity.Api.csproj", "{DB379986-3B62-463A-ABEE-C5BD8893BBE8}"
EndProject
Project("{2150E333-8FDC-42A3-9474-1A3956D46DE8}") = "Shared", "Shared", "{4A4F277E-934B-446C-A604-104E98FDECF0}"
EndProject
Project("{2150E333-8FDC-42A3-9474-1A3956D46DE8}") = "EventBus", "EventBus", "{AAF404CC-114D-4F44-9445-03B889C05BB7}"
EndProject
Project("{2150E333-8FDC-42A3-9474-1A3956D46DE8}") = "Shared", "Shared", "{80E9DA57-2CB8-4AEF-B896-2E1228038518}"
EndProject
Project("{FAE04EC0-301F-11D3-BF4B-00C04F79EFBC}") = "BuildingBlocks.Shared", "BuildingBlocks\Shared\BuildingBlocks.Shared\BuildingBlocks.Shared.csproj", "{70B7774A-B0DD-4CB8-B666-52DE3057EF50}"
EndProject
Project("{2150E333-8FDC-42A3-9474-1A3956D46DE8}") = "Core", "Core", "{0DA53BE4-E7BA-4DA6-A3DE-060A2FAC6A35}"
EndProject
Project("{FAE04EC0-301F-11D3-BF4B-00C04F79EFBC}") = "BuildingBlocks.Domain", "BuildingBlocks\Core\BuildingBlocks.Domain\BuildingBlocks.Domain.csproj", "{C6B7E314-702B-451E-B2B2-B6CFCE84E97A}"
EndProject
Project("{2150E333-8FDC-42A3-9474-1A3956D46DE8}") = "Presentation", "Presentation", "{08466BD1-ADAC-4F2E-B689-2CE191B9DBE4}"
EndProject
Project("{FAE04EC0-301F-11D3-BF4B-00C04F79EFBC}") = "BuildingBlocks.Presentation", "BuildingBlocks\Presentation\BuildingBlocks.Presentation\BuildingBlocks.Presentation.csproj", "{18D4DF15-ABAB-4A81-9A8A-FDD65645A827}"
EndProject
Project("{2150E333-8FDC-42A3-9474-1A3956D46DE8}") = "Infrastructure", "Infrastructure", "{19F552B6-7FCB-45BB-A87A-4E8DEC1FBF8B}"
EndProject
Project("{FAE04EC0-301F-11D3-BF4B-00C04F79EFBC}") = "BuildingBlocks.Kernel", "BuildingBlocks\Core\BuildingBlocks.Kernel\BuildingBlocks.Kernel.csproj", "{959CCFDF-68EC-44E0-9F2E-3B1272F3A79A}"
EndProject
Project("{FAE04EC0-301F-11D3-BF4B-00C04F79EFBC}") = "BuildingBlocks.Infrastructure.EfCore", "BuildingBlocks\Infrastructure\BuildingBlocks.Infrastructure.EfCore\BuildingBlocks.Infrastructure.EfCore.csproj", "{0E444DEB-FAB8-490C-9000-26A613EE4D7D}"
EndProject
Project("{FAE04EC0-301F-11D3-BF4B-00C04F79EFBC}") = "BuildingBlocks.Application", "BuildingBlocks\Core\BuildingBlocks.Application\BuildingBlocks.Application.csproj", "{D4171F0F-7755-4195-855B-E33A2FD9860A}"
EndProject
Project("{2150E333-8FDC-42A3-9474-1A3956D46DE8}") = "Infrastructure", "Infrastructure", "{26BE2A92-8B9B-4C5F-9433-2BF6834DA717}"
EndProject
Project("{FAE04EC0-301F-11D3-BF4B-00C04F79EFBC}") = "Identity.Infrastructure.EfCore", "Services\Identity\Infrastructure\Identity.Infrastructure.EfCore\Identity.Infrastructure.EfCore.csproj", "{987D79E4-B80F-408A-A4F5-81755C3DEA19}"
EndProject
Project("{2150E333-8FDC-42A3-9474-1A3956D46DE8}") = "Core", "Core", "{7778D940-4B13-4F83-9E09-F33C1C7D967A}"
EndProject
Project("{FAE04EC0-301F-11D3-BF4B-00C04F79EFBC}") = "Identity.Application", "Services\Identity\Core\Identity.Application\Identity.Application.csproj", "{19CEDC7A-4C56-408C-8420-97C82BDC95B2}"
EndProject
Project("{FAE04EC0-301F-11D3-BF4B-00C04F79EFBC}") = "Identity.Domain", "Services\Identity\Core\Identity.Domain\Identity.Domain.csproj", "{9CAA0169-5B29-4B34-A423-AA2FB2662C47}"
EndProject
Project("{FAE04EC0-301F-11D3-BF4B-00C04F79EFBC}") = "BuildingBlocks.Infrastructure.Redis", "BuildingBlocks\Infrastructure\BuildingBlocks.Infrastructure.Redis\BuildingBlocks.Infrastructure.Redis.csproj", "{3D8741A5-F215-45DD-BE40-F25AEE7D7AB0}"
EndProject
Project("{FAE04EC0-301F-11D3-BF4B-00C04F79EFBC}") = "BuildingBlocks.Infrastructure.Mail", "BuildingBlocks\Infrastructure\BuildingBlocks.Infrastructure.Mail\BuildingBlocks.Infrastructure.Mail.csproj", "{BC989CAA-B28C-4C9B-835A-97DA434023CF}"
EndProject
Project("{FAE04EC0-301F-11D3-BF4B-00C04F79EFBC}") = "BuildingBlocks.Infrastructure.HangFire", "BuildingBlocks\Infrastructure\BuildingBlocks.Infrastructure.HangFire\BuildingBlocks.Infrastructure.HangFire.csproj", "{62D6AE39-1239-4F44-80BB-941B02322B95}"
EndProject
Project("{FAE04EC0-301F-11D3-BF4B-00C04F79EFBC}") = "BuildingBlocks.Infrastructure.Cloudinary", "BuildingBlocks\Infrastructure\BuildingBlocks.Infrastructure.Cloudinary\BuildingBlocks.Infrastructure.Cloudinary.csproj", "{B56ED139-B7CA-4875-AD5B-58B5CAF6D971}"
EndProject
Project("{2150E333-8FDC-42A3-9474-1A3956D46DE8}") = "Hub", "Hub", "{BE71EB25-A9D5-4BFA-AC6D-867A2159AA1B}"
EndProject
Project("{2150E333-8FDC-42A3-9474-1A3956D46DE8}") = "Presentation", "Presentation", "{F19432CC-93B9-483F-A086-FB6F14D6827F}"
EndProject
Project("{FAE04EC0-301F-11D3-BF4B-00C04F79EFBC}") = "Hub.Api", "Services\Hub\Presentation\Hub.Api\Hub.Api.csproj", "{DD64BAC9-54A9-4E12-BF90-BCAEB17CD104}"
EndProject
Project("{2150E333-8FDC-42A3-9474-1A3956D46DE8}") = "Core", "Core", "{3F8F6D4B-D9CB-48C5-9859-A6EB33886587}"
EndProject
Project("{FAE04EC0-301F-11D3-BF4B-00C04F79EFBC}") = "IntegrationEvents", "Services\Shared\IntegrationEvents\IntegrationEvents.csproj", "{54591DB6-C935-4BA7-948C-AD0F90A722F8}"
EndProject
Project("{FAE04EC0-301F-11D3-BF4B-00C04F79EFBC}") = "Hub.Application", "Services\Hub\Core\Hub.Application\Hub.Application.csproj", "{710ECDE3-08B4-4425-A3AE-51FE08460233}"
EndProject
Project("{FAE04EC0-301F-11D3-BF4B-00C04F79EFBC}") = "Hub.IntegrationEventHandlers", "Services\Hub\Core\Hub.IntegrationEventHandlers\Hub.IntegrationEventHandlers.csproj", "{B1B61206-1CC1-4842-9B19-FC1D5A2C8666}"
EndProject
Project("{FAE04EC0-301F-11D3-BF4B-00C04F79EFBC}") = "ApiGateway", "ApiGateway\ApiGateway.csproj", "{1C82A578-C338-4C02-A838-1D2BFA25F68B}"
EndProject
Project("{FAE04EC0-301F-11D3-BF4B-00C04F79EFBC}") = "BuildingBlocks.Infrastructure.Serilog", "BuildingBlocks\Infrastructure\BuildingBlocks.Infrastructure.Serilog\BuildingBlocks.Infrastructure.Serilog.csproj", "{947E4E48-46CA-4200-9D40-89FE4A1D1B83}"
EndProject
Project("{2150E333-8FDC-42A3-9474-1A3956D46DE8}") = "Solution Items", "Solution Items", "{245ED0D2-5AA2-4E51-8A5F-74589B826A7F}"
	ProjectSection(SolutionItems) = preProject
		docker-compose.yml = docker-compose.yml
	EndProjectSection
EndProject
Project("{FAE04EC0-301F-11D3-BF4B-00C04F79EFBC}") = "Domain", "Services\Shared\Domain\Domain.csproj", "{042B6307-5477-43E6-8DE5-AFA99F32AD08}"
EndProject
Project("{FAE04EC0-301F-11D3-BF4B-00C04F79EFBC}") = "Identity.Infrastructure.IdentityServer", "Services\Identity\Infrastructure\Identity.Infrastructure.IdentityServer\Identity.Infrastructure.IdentityServer.csproj", "{76FC758A-BFB4-4D89-960F-76076586AB9A}"
EndProject
Project("{FAE04EC0-301F-11D3-BF4B-00C04F79EFBC}") = "Application", "Services\Shared\Application\Application.csproj", "{A4CB05F7-A699-447F-BFCE-CEF0E9469132}"
EndProject
Project("{FAE04EC0-301F-11D3-BF4B-00C04F79EFBC}") = "Presentation", "Services\Shared\Presentation\Presentation.csproj", "{653F79CE-2A35-4482-8A74-A6084A20E6AC}"
EndProject
Project("{FAE04EC0-301F-11D3-BF4B-00C04F79EFBC}") = "BuildingBlocks.Infrastructure.CloudflareR2", "BuildingBlocks\Infrastructure\BuildingBlocks.Infrastructure.CloudflareR2\BuildingBlocks.Infrastructure.CloudflareR2.csproj", "{8275367B-7520-416C-AFF3-C65C6C7F1B40}"
EndProject
Project("{2150E333-8FDC-42A3-9474-1A3956D46DE8}") = "BusinessFlow", "BusinessFlow", "{5B5B66AD-D3FE-4065-AB65-CCEB54CBBE9A}"
EndProject
Project("{2150E333-8FDC-42A3-9474-1A3956D46DE8}") = "Presentation", "Presentation", "{C579DF7B-C4E6-4D73-B03B-84B1D0C9F974}"
EndProject
Project("{2150E333-8FDC-42A3-9474-1A3956D46DE8}") = "Core", "Core", "{B490C69A-8F15-44A6-B29B-D3B83729A533}"
EndProject
Project("{FAE04EC0-301F-11D3-BF4B-00C04F79EFBC}") = "BusinessFlow.Domain", "Services\BusinessFlow\Core\BusinessFlow.Domain\BusinessFlow.Domain.csproj", "{BA035B4C-9615-47B4-92C6-810C5B0BB521}"
EndProject
Project("{FAE04EC0-301F-11D3-BF4B-00C04F79EFBC}") = "BusinessFlow.Application", "Services\BusinessFlow\Core\BusinessFlow.Application\BusinessFlow.Application.csproj", "{6517377D-71B3-4AE0-9C0E-023113180C6E}"
EndProject
Project("{FAE04EC0-301F-11D3-BF4B-00C04F79EFBC}") = "BusinessFlow.Api", "Services\BusinessFlow\Presentation\BusinessFlow.Api\BusinessFlow.Api.csproj", "{BFF249A5-4085-4485-BC1D-61EAA87983C4}"
EndProject
Project("{2150E333-8FDC-42A3-9474-1A3956D46DE8}") = "Infrastructure", "Infrastructure", "{3D88FDA7-988B-4C16-8AA0-62A176A73E62}"
EndProject
Project("{FAE04EC0-301F-11D3-BF4B-00C04F79EFBC}") = "BusinessFlow.Infrastructure.EfCore", "Services\BusinessFlow\Infrastructure\BusinessFlow.Infrastructure.EfCore\BusinessFlow.Infrastructure.EfCore.csproj", "{41EC814C-9E70-4BF4-9345-E9733A38E319}"
EndProject
Project("{FAE04EC0-301F-11D3-BF4B-00C04F79EFBC}") = "BusinessFlow.IntegrationEventHandlers", "Services\BusinessFlow\Core\BusinessFlow.IntegrationEventHandlers\BusinessFlow.IntegrationEventHandlers.csproj", "{5797C437-A578-4672-95FF-6B5494955080}"
EndProject
Global
	GlobalSection(SolutionConfigurationPlatforms) = preSolution
		Debug|Any CPU = Debug|Any CPU
		Release|Any CPU = Release|Any CPU
	EndGlobalSection
	GlobalSection(NestedProjects) = preSolution
		{7A0F7AE4-C80B-4692-82A8-492E0A605E27} = {9907B429-BD3A-47B5-A52A-F92FBB592721}
		{5E2BB164-3227-4ADA-BE9B-5142DEB2AC96} = {7A0F7AE4-C80B-4692-82A8-492E0A605E27}
		{DB379986-3B62-463A-ABEE-C5BD8893BBE8} = {5E2BB164-3227-4ADA-BE9B-5142DEB2AC96}
		{4A4F277E-934B-446C-A604-104E98FDECF0} = {9907B429-BD3A-47B5-A52A-F92FBB592721}
		{AAF404CC-114D-4F44-9445-03B889C05BB7} = {D9496F81-59CE-4741-A61E-C5247F2B585B}
		{5E8BE74B-FA7B-4201-8BC5-A260B72E2765} = {AAF404CC-114D-4F44-9445-03B889C05BB7}
		{7D563986-2540-474D-B247-70F6A27F4C92} = {AAF404CC-114D-4F44-9445-03B889C05BB7}
		{80E9DA57-2CB8-4AEF-B896-2E1228038518} = {D9496F81-59CE-4741-A61E-C5247F2B585B}
		{70B7774A-B0DD-4CB8-B666-52DE3057EF50} = {80E9DA57-2CB8-4AEF-B896-2E1228038518}
		{0DA53BE4-E7BA-4DA6-A3DE-060A2FAC6A35} = {D9496F81-59CE-4741-A61E-C5247F2B585B}
		{C6B7E314-702B-451E-B2B2-B6CFCE84E97A} = {0DA53BE4-E7BA-4DA6-A3DE-060A2FAC6A35}
		{08466BD1-ADAC-4F2E-B689-2CE191B9DBE4} = {D9496F81-59CE-4741-A61E-C5247F2B585B}
		{18D4DF15-ABAB-4A81-9A8A-FDD65645A827} = {08466BD1-ADAC-4F2E-B689-2CE191B9DBE4}
		{19F552B6-7FCB-45BB-A87A-4E8DEC1FBF8B} = {D9496F81-59CE-4741-A61E-C5247F2B585B}
		{959CCFDF-68EC-44E0-9F2E-3B1272F3A79A} = {0DA53BE4-E7BA-4DA6-A3DE-060A2FAC6A35}
		{0E444DEB-FAB8-490C-9000-26A613EE4D7D} = {19F552B6-7FCB-45BB-A87A-4E8DEC1FBF8B}
		{D4171F0F-7755-4195-855B-E33A2FD9860A} = {0DA53BE4-E7BA-4DA6-A3DE-060A2FAC6A35}
		{26BE2A92-8B9B-4C5F-9433-2BF6834DA717} = {7A0F7AE4-C80B-4692-82A8-492E0A605E27}
		{987D79E4-B80F-408A-A4F5-81755C3DEA19} = {26BE2A92-8B9B-4C5F-9433-2BF6834DA717}
		{7778D940-4B13-4F83-9E09-F33C1C7D967A} = {7A0F7AE4-C80B-4692-82A8-492E0A605E27}
		{19CEDC7A-4C56-408C-8420-97C82BDC95B2} = {7778D940-4B13-4F83-9E09-F33C1C7D967A}
		{9CAA0169-5B29-4B34-A423-AA2FB2662C47} = {7778D940-4B13-4F83-9E09-F33C1C7D967A}
		{3D8741A5-F215-45DD-BE40-F25AEE7D7AB0} = {19F552B6-7FCB-45BB-A87A-4E8DEC1FBF8B}
		{BC989CAA-B28C-4C9B-835A-97DA434023CF} = {19F552B6-7FCB-45BB-A87A-4E8DEC1FBF8B}
		{62D6AE39-1239-4F44-80BB-941B02322B95} = {19F552B6-7FCB-45BB-A87A-4E8DEC1FBF8B}
		{B56ED139-B7CA-4875-AD5B-58B5CAF6D971} = {19F552B6-7FCB-45BB-A87A-4E8DEC1FBF8B}
		{BE71EB25-A9D5-4BFA-AC6D-867A2159AA1B} = {9907B429-BD3A-47B5-A52A-F92FBB592721}
		{F19432CC-93B9-483F-A086-FB6F14D6827F} = {BE71EB25-A9D5-4BFA-AC6D-867A2159AA1B}
		{DD64BAC9-54A9-4E12-BF90-BCAEB17CD104} = {F19432CC-93B9-483F-A086-FB6F14D6827F}
		{3F8F6D4B-D9CB-48C5-9859-A6EB33886587} = {BE71EB25-A9D5-4BFA-AC6D-867A2159AA1B}
		{54591DB6-C935-4BA7-948C-AD0F90A722F8} = {4A4F277E-934B-446C-A604-104E98FDECF0}
		{710ECDE3-08B4-4425-A3AE-51FE08460233} = {3F8F6D4B-D9CB-48C5-9859-A6EB33886587}
		{B1B61206-1CC1-4842-9B19-FC1D5A2C8666} = {3F8F6D4B-D9CB-48C5-9859-A6EB33886587}
		{947E4E48-46CA-4200-9D40-89FE4A1D1B83} = {19F552B6-7FCB-45BB-A87A-4E8DEC1FBF8B}
		{042B6307-5477-43E6-8DE5-AFA99F32AD08} = {4A4F277E-934B-446C-A604-104E98FDECF0}
		{76FC758A-BFB4-4D89-960F-76076586AB9A} = {26BE2A92-8B9B-4C5F-9433-2BF6834DA717}
		{A4CB05F7-A699-447F-BFCE-CEF0E9469132} = {4A4F277E-934B-446C-A604-104E98FDECF0}
		{653F79CE-2A35-4482-8A74-A6084A20E6AC} = {4A4F277E-934B-446C-A604-104E98FDECF0}
		{8275367B-7520-416C-AFF3-C65C6C7F1B40} = {19F552B6-7FCB-45BB-A87A-4E8DEC1FBF8B}
		{5B5B66AD-D3FE-4065-AB65-CCEB54CBBE9A} = {9907B429-BD3A-47B5-A52A-F92FBB592721}
		{C579DF7B-C4E6-4D73-B03B-84B1D0C9F974} = {5B5B66AD-D3FE-4065-AB65-CCEB54CBBE9A}
		{B490C69A-8F15-44A6-B29B-D3B83729A533} = {5B5B66AD-D3FE-4065-AB65-CCEB54CBBE9A}
		{BA035B4C-9615-47B4-92C6-810C5B0BB521} = {B490C69A-8F15-44A6-B29B-D3B83729A533}
		{6517377D-71B3-4AE0-9C0E-023113180C6E} = {B490C69A-8F15-44A6-B29B-D3B83729A533}
		{BFF249A5-4085-4485-BC1D-61EAA87983C4} = {C579DF7B-C4E6-4D73-B03B-84B1D0C9F974}
		{3D88FDA7-988B-4C16-8AA0-62A176A73E62} = {5B5B66AD-D3FE-4065-AB65-CCEB54CBBE9A}
		{41EC814C-9E70-4BF4-9345-E9733A38E319} = {3D88FDA7-988B-4C16-8AA0-62A176A73E62}
		{5797C437-A578-4672-95FF-6B5494955080} = {B490C69A-8F15-44A6-B29B-D3B83729A533}
	EndGlobalSection
	GlobalSection(ProjectConfigurationPlatforms) = postSolution
		{5E8BE74B-FA7B-4201-8BC5-A260B72E2765}.Debug|Any CPU.ActiveCfg = Debug|Any CPU
		{5E8BE74B-FA7B-4201-8BC5-A260B72E2765}.Debug|Any CPU.Build.0 = Debug|Any CPU
		{5E8BE74B-FA7B-4201-8BC5-A260B72E2765}.Release|Any CPU.ActiveCfg = Release|Any CPU
		{5E8BE74B-FA7B-4201-8BC5-A260B72E2765}.Release|Any CPU.Build.0 = Release|Any CPU
		{7D563986-2540-474D-B247-70F6A27F4C92}.Debug|Any CPU.ActiveCfg = Debug|Any CPU
		{7D563986-2540-474D-B247-70F6A27F4C92}.Debug|Any CPU.Build.0 = Debug|Any CPU
		{7D563986-2540-474D-B247-70F6A27F4C92}.Release|Any CPU.ActiveCfg = Release|Any CPU
		{7D563986-2540-474D-B247-70F6A27F4C92}.Release|Any CPU.Build.0 = Release|Any CPU
		{DB379986-3B62-463A-ABEE-C5BD8893BBE8}.Debug|Any CPU.ActiveCfg = Debug|Any CPU
		{DB379986-3B62-463A-ABEE-C5BD8893BBE8}.Debug|Any CPU.Build.0 = Debug|Any CPU
		{DB379986-3B62-463A-ABEE-C5BD8893BBE8}.Release|Any CPU.ActiveCfg = Release|Any CPU
		{DB379986-3B62-463A-ABEE-C5BD8893BBE8}.Release|Any CPU.Build.0 = Release|Any CPU
		{70B7774A-B0DD-4CB8-B666-52DE3057EF50}.Debug|Any CPU.ActiveCfg = Debug|Any CPU
		{70B7774A-B0DD-4CB8-B666-52DE3057EF50}.Debug|Any CPU.Build.0 = Debug|Any CPU
		{70B7774A-B0DD-4CB8-B666-52DE3057EF50}.Release|Any CPU.ActiveCfg = Release|Any CPU
		{70B7774A-B0DD-4CB8-B666-52DE3057EF50}.Release|Any CPU.Build.0 = Release|Any CPU
		{C6B7E314-702B-451E-B2B2-B6CFCE84E97A}.Debug|Any CPU.ActiveCfg = Debug|Any CPU
		{C6B7E314-702B-451E-B2B2-B6CFCE84E97A}.Debug|Any CPU.Build.0 = Debug|Any CPU
		{C6B7E314-702B-451E-B2B2-B6CFCE84E97A}.Release|Any CPU.ActiveCfg = Release|Any CPU
		{C6B7E314-702B-451E-B2B2-B6CFCE84E97A}.Release|Any CPU.Build.0 = Release|Any CPU
		{18D4DF15-ABAB-4A81-9A8A-FDD65645A827}.Debug|Any CPU.ActiveCfg = Debug|Any CPU
		{18D4DF15-ABAB-4A81-9A8A-FDD65645A827}.Debug|Any CPU.Build.0 = Debug|Any CPU
		{18D4DF15-ABAB-4A81-9A8A-FDD65645A827}.Release|Any CPU.ActiveCfg = Release|Any CPU
		{18D4DF15-ABAB-4A81-9A8A-FDD65645A827}.Release|Any CPU.Build.0 = Release|Any CPU
		{959CCFDF-68EC-44E0-9F2E-3B1272F3A79A}.Debug|Any CPU.ActiveCfg = Debug|Any CPU
		{959CCFDF-68EC-44E0-9F2E-3B1272F3A79A}.Debug|Any CPU.Build.0 = Debug|Any CPU
		{959CCFDF-68EC-44E0-9F2E-3B1272F3A79A}.Release|Any CPU.ActiveCfg = Release|Any CPU
		{959CCFDF-68EC-44E0-9F2E-3B1272F3A79A}.Release|Any CPU.Build.0 = Release|Any CPU
		{0E444DEB-FAB8-490C-9000-26A613EE4D7D}.Debug|Any CPU.ActiveCfg = Debug|Any CPU
		{0E444DEB-FAB8-490C-9000-26A613EE4D7D}.Debug|Any CPU.Build.0 = Debug|Any CPU
		{0E444DEB-FAB8-490C-9000-26A613EE4D7D}.Release|Any CPU.ActiveCfg = Release|Any CPU
		{0E444DEB-FAB8-490C-9000-26A613EE4D7D}.Release|Any CPU.Build.0 = Release|Any CPU
		{D4171F0F-7755-4195-855B-E33A2FD9860A}.Debug|Any CPU.ActiveCfg = Debug|Any CPU
		{D4171F0F-7755-4195-855B-E33A2FD9860A}.Debug|Any CPU.Build.0 = Debug|Any CPU
		{D4171F0F-7755-4195-855B-E33A2FD9860A}.Release|Any CPU.ActiveCfg = Release|Any CPU
		{D4171F0F-7755-4195-855B-E33A2FD9860A}.Release|Any CPU.Build.0 = Release|Any CPU
		{987D79E4-B80F-408A-A4F5-81755C3DEA19}.Debug|Any CPU.ActiveCfg = Debug|Any CPU
		{987D79E4-B80F-408A-A4F5-81755C3DEA19}.Debug|Any CPU.Build.0 = Debug|Any CPU
		{987D79E4-B80F-408A-A4F5-81755C3DEA19}.Release|Any CPU.ActiveCfg = Release|Any CPU
		{987D79E4-B80F-408A-A4F5-81755C3DEA19}.Release|Any CPU.Build.0 = Release|Any CPU
		{19CEDC7A-4C56-408C-8420-97C82BDC95B2}.Debug|Any CPU.ActiveCfg = Debug|Any CPU
		{19CEDC7A-4C56-408C-8420-97C82BDC95B2}.Debug|Any CPU.Build.0 = Debug|Any CPU
		{19CEDC7A-4C56-408C-8420-97C82BDC95B2}.Release|Any CPU.ActiveCfg = Release|Any CPU
		{19CEDC7A-4C56-408C-8420-97C82BDC95B2}.Release|Any CPU.Build.0 = Release|Any CPU
		{9CAA0169-5B29-4B34-A423-AA2FB2662C47}.Debug|Any CPU.ActiveCfg = Debug|Any CPU
		{9CAA0169-5B29-4B34-A423-AA2FB2662C47}.Debug|Any CPU.Build.0 = Debug|Any CPU
		{9CAA0169-5B29-4B34-A423-AA2FB2662C47}.Release|Any CPU.ActiveCfg = Release|Any CPU
		{9CAA0169-5B29-4B34-A423-AA2FB2662C47}.Release|Any CPU.Build.0 = Release|Any CPU
		{3D8741A5-F215-45DD-BE40-F25AEE7D7AB0}.Debug|Any CPU.ActiveCfg = Debug|Any CPU
		{3D8741A5-F215-45DD-BE40-F25AEE7D7AB0}.Debug|Any CPU.Build.0 = Debug|Any CPU
		{3D8741A5-F215-45DD-BE40-F25AEE7D7AB0}.Release|Any CPU.ActiveCfg = Release|Any CPU
		{3D8741A5-F215-45DD-BE40-F25AEE7D7AB0}.Release|Any CPU.Build.0 = Release|Any CPU
		{BC989CAA-B28C-4C9B-835A-97DA434023CF}.Debug|Any CPU.ActiveCfg = Debug|Any CPU
		{BC989CAA-B28C-4C9B-835A-97DA434023CF}.Debug|Any CPU.Build.0 = Debug|Any CPU
		{BC989CAA-B28C-4C9B-835A-97DA434023CF}.Release|Any CPU.ActiveCfg = Release|Any CPU
		{BC989CAA-B28C-4C9B-835A-97DA434023CF}.Release|Any CPU.Build.0 = Release|Any CPU
		{62D6AE39-1239-4F44-80BB-941B02322B95}.Debug|Any CPU.ActiveCfg = Debug|Any CPU
		{62D6AE39-1239-4F44-80BB-941B02322B95}.Debug|Any CPU.Build.0 = Debug|Any CPU
		{62D6AE39-1239-4F44-80BB-941B02322B95}.Release|Any CPU.ActiveCfg = Release|Any CPU
		{62D6AE39-1239-4F44-80BB-941B02322B95}.Release|Any CPU.Build.0 = Release|Any CPU
		{B56ED139-B7CA-4875-AD5B-58B5CAF6D971}.Debug|Any CPU.ActiveCfg = Debug|Any CPU
		{B56ED139-B7CA-4875-AD5B-58B5CAF6D971}.Debug|Any CPU.Build.0 = Debug|Any CPU
		{B56ED139-B7CA-4875-AD5B-58B5CAF6D971}.Release|Any CPU.ActiveCfg = Release|Any CPU
		{B56ED139-B7CA-4875-AD5B-58B5CAF6D971}.Release|Any CPU.Build.0 = Release|Any CPU
		{DD64BAC9-54A9-4E12-BF90-BCAEB17CD104}.Debug|Any CPU.ActiveCfg = Debug|Any CPU
		{DD64BAC9-54A9-4E12-BF90-BCAEB17CD104}.Debug|Any CPU.Build.0 = Debug|Any CPU
		{DD64BAC9-54A9-4E12-BF90-BCAEB17CD104}.Release|Any CPU.ActiveCfg = Release|Any CPU
		{DD64BAC9-54A9-4E12-BF90-BCAEB17CD104}.Release|Any CPU.Build.0 = Release|Any CPU
		{54591DB6-C935-4BA7-948C-AD0F90A722F8}.Debug|Any CPU.ActiveCfg = Debug|Any CPU
		{54591DB6-C935-4BA7-948C-AD0F90A722F8}.Debug|Any CPU.Build.0 = Debug|Any CPU
		{54591DB6-C935-4BA7-948C-AD0F90A722F8}.Release|Any CPU.ActiveCfg = Release|Any CPU
		{54591DB6-C935-4BA7-948C-AD0F90A722F8}.Release|Any CPU.Build.0 = Release|Any CPU
		{710ECDE3-08B4-4425-A3AE-51FE08460233}.Debug|Any CPU.ActiveCfg = Debug|Any CPU
		{710ECDE3-08B4-4425-A3AE-51FE08460233}.Debug|Any CPU.Build.0 = Debug|Any CPU
		{710ECDE3-08B4-4425-A3AE-51FE08460233}.Release|Any CPU.ActiveCfg = Release|Any CPU
		{710ECDE3-08B4-4425-A3AE-51FE08460233}.Release|Any CPU.Build.0 = Release|Any CPU
		{B1B61206-1CC1-4842-9B19-FC1D5A2C8666}.Debug|Any CPU.ActiveCfg = Debug|Any CPU
		{B1B61206-1CC1-4842-9B19-FC1D5A2C8666}.Debug|Any CPU.Build.0 = Debug|Any CPU
		{B1B61206-1CC1-4842-9B19-FC1D5A2C8666}.Release|Any CPU.ActiveCfg = Release|Any CPU
		{B1B61206-1CC1-4842-9B19-FC1D5A2C8666}.Release|Any CPU.Build.0 = Release|Any CPU
		{1C82A578-C338-4C02-A838-1D2BFA25F68B}.Debug|Any CPU.ActiveCfg = Debug|Any CPU
		{1C82A578-C338-4C02-A838-1D2BFA25F68B}.Debug|Any CPU.Build.0 = Debug|Any CPU
		{1C82A578-C338-4C02-A838-1D2BFA25F68B}.Release|Any CPU.ActiveCfg = Release|Any CPU
		{1C82A578-C338-4C02-A838-1D2BFA25F68B}.Release|Any CPU.Build.0 = Release|Any CPU
		{947E4E48-46CA-4200-9D40-89FE4A1D1B83}.Debug|Any CPU.ActiveCfg = Debug|Any CPU
		{947E4E48-46CA-4200-9D40-89FE4A1D1B83}.Debug|Any CPU.Build.0 = Debug|Any CPU
		{947E4E48-46CA-4200-9D40-89FE4A1D1B83}.Release|Any CPU.ActiveCfg = Release|Any CPU
		{947E4E48-46CA-4200-9D40-89FE4A1D1B83}.Release|Any CPU.Build.0 = Release|Any CPU
		{042B6307-5477-43E6-8DE5-AFA99F32AD08}.Debug|Any CPU.ActiveCfg = Debug|Any CPU
		{042B6307-5477-43E6-8DE5-AFA99F32AD08}.Debug|Any CPU.Build.0 = Debug|Any CPU
		{042B6307-5477-43E6-8DE5-AFA99F32AD08}.Release|Any CPU.ActiveCfg = Release|Any CPU
		{042B6307-5477-43E6-8DE5-AFA99F32AD08}.Release|Any CPU.Build.0 = Release|Any CPU
		{76FC758A-BFB4-4D89-960F-76076586AB9A}.Debug|Any CPU.ActiveCfg = Debug|Any CPU
		{76FC758A-BFB4-4D89-960F-76076586AB9A}.Debug|Any CPU.Build.0 = Debug|Any CPU
		{76FC758A-BFB4-4D89-960F-76076586AB9A}.Release|Any CPU.ActiveCfg = Release|Any CPU
		{76FC758A-BFB4-4D89-960F-76076586AB9A}.Release|Any CPU.Build.0 = Release|Any CPU
		{A4CB05F7-A699-447F-BFCE-CEF0E9469132}.Debug|Any CPU.ActiveCfg = Debug|Any CPU
		{A4CB05F7-A699-447F-BFCE-CEF0E9469132}.Debug|Any CPU.Build.0 = Debug|Any CPU
		{A4CB05F7-A699-447F-BFCE-CEF0E9469132}.Release|Any CPU.ActiveCfg = Release|Any CPU
		{A4CB05F7-A699-447F-BFCE-CEF0E9469132}.Release|Any CPU.Build.0 = Release|Any CPU
		{653F79CE-2A35-4482-8A74-A6084A20E6AC}.Debug|Any CPU.ActiveCfg = Debug|Any CPU
		{653F79CE-2A35-4482-8A74-A6084A20E6AC}.Debug|Any CPU.Build.0 = Debug|Any CPU
		{653F79CE-2A35-4482-8A74-A6084A20E6AC}.Release|Any CPU.ActiveCfg = Release|Any CPU
		{653F79CE-2A35-4482-8A74-A6084A20E6AC}.Release|Any CPU.Build.0 = Release|Any CPU
		{8275367B-7520-416C-AFF3-C65C6C7F1B40}.Debug|Any CPU.ActiveCfg = Debug|Any CPU
		{8275367B-7520-416C-AFF3-C65C6C7F1B40}.Debug|Any CPU.Build.0 = Debug|Any CPU
		{8275367B-7520-416C-AFF3-C65C6C7F1B40}.Release|Any CPU.ActiveCfg = Release|Any CPU
		{8275367B-7520-416C-AFF3-C65C6C7F1B40}.Release|Any CPU.Build.0 = Release|Any CPU
		{BA035B4C-9615-47B4-92C6-810C5B0BB521}.Debug|Any CPU.ActiveCfg = Debug|Any CPU
		{BA035B4C-9615-47B4-92C6-810C5B0BB521}.Debug|Any CPU.Build.0 = Debug|Any CPU
		{BA035B4C-9615-47B4-92C6-810C5B0BB521}.Release|Any CPU.ActiveCfg = Release|Any CPU
		{BA035B4C-9615-47B4-92C6-810C5B0BB521}.Release|Any CPU.Build.0 = Release|Any CPU
		{6517377D-71B3-4AE0-9C0E-023113180C6E}.Debug|Any CPU.ActiveCfg = Debug|Any CPU
		{6517377D-71B3-4AE0-9C0E-023113180C6E}.Debug|Any CPU.Build.0 = Debug|Any CPU
		{6517377D-71B3-4AE0-9C0E-023113180C6E}.Release|Any CPU.ActiveCfg = Release|Any CPU
		{6517377D-71B3-4AE0-9C0E-023113180C6E}.Release|Any CPU.Build.0 = Release|Any CPU
		{BFF249A5-4085-4485-BC1D-61EAA87983C4}.Debug|Any CPU.ActiveCfg = Debug|Any CPU
		{BFF249A5-4085-4485-BC1D-61EAA87983C4}.Debug|Any CPU.Build.0 = Debug|Any CPU
		{BFF249A5-4085-4485-BC1D-61EAA87983C4}.Release|Any CPU.ActiveCfg = Release|Any CPU
		{BFF249A5-4085-4485-BC1D-61EAA87983C4}.Release|Any CPU.Build.0 = Release|Any CPU
		{41EC814C-9E70-4BF4-9345-E9733A38E319}.Debug|Any CPU.ActiveCfg = Debug|Any CPU
		{41EC814C-9E70-4BF4-9345-E9733A38E319}.Debug|Any CPU.Build.0 = Debug|Any CPU
		{41EC814C-9E70-4BF4-9345-E9733A38E319}.Release|Any CPU.ActiveCfg = Release|Any CPU
		{41EC814C-9E70-4BF4-9345-E9733A38E319}.Release|Any CPU.Build.0 = Release|Any CPU
		{5797C437-A578-4672-95FF-6B5494955080}.Debug|Any CPU.ActiveCfg = Debug|Any CPU
		{5797C437-A578-4672-95FF-6B5494955080}.Debug|Any CPU.Build.0 = Debug|Any CPU
		{5797C437-A578-4672-95FF-6B5494955080}.Release|Any CPU.ActiveCfg = Release|Any CPU
		{5797C437-A578-4672-95FF-6B5494955080}.Release|Any CPU.Build.0 = Release|Any CPU
	EndGlobalSection
EndGlobal
